// !$*UTF8*$!
{
	archiveVersion = 1;
	classes = {
	};
	objectVersion = 56;
	objects = {

/* Begin PBXBuildFile section */
		DDAF121E2BDFA9D10098D2CA /* AppDelegate.swift in Sources */ = {isa = PBXBuildFile; fileRef = DDAF121D2BDFA9D10098D2CA /* AppDelegate.swift */; };
		DDAF12202BDFA9D10098D2CA /* SceneDelegate.swift in Sources */ = {isa = PBXBuildFile; fileRef = DDAF121F2BDFA9D10098D2CA /* SceneDelegate.swift */; };
		DDAF12222BDFA9D10098D2CA /* ViewController.swift in Sources */ = {isa = PBXBuildFile; fileRef = DDAF12212BDFA9D10098D2CA /* ViewController.swift */; };
		DDAF12252BDFA9D10098D2CA /* Base in Resources */ = {isa = PBXBuildFile; fileRef = DDAF12242BDFA9D10098D2CA /* Base */; };
		DDAF12272BDFA9D20098D2CA /* Assets.xcassets in Resources */ = {isa = PBXBuildFile; fileRef = DDAF12262BDFA9D20098D2CA /* Assets.xcassets */; };
		DDAF122A2BDFA9D20098D2CA /* Base in Resources */ = {isa = PBXBuildFile; fileRef = DDAF12292BDFA9D20098D2CA /* Base */; };
		DDAF12332BDFB9BA0098D2CA /* FingerprintPro in Frameworks */ = {isa = PBXBuildFile; productRef = DDAF12322BDFB9BA0098D2CA /* FingerprintPro */; };
		DDAF12352BDFCCDE0098D2CA /* GetVisitsResponse.swift in Sources */ = {isa = PBXBuildFile; fileRef = DDAF12342BDFCCDE0098D2CA /* GetVisitsResponse.swift */; };
/* End PBXBuildFile section */

/* Begin PBXFileReference section */
		DDAF121A2BDFA9D10098D2CA /* device-print.app */ = {isa = PBXFileReference; explicitFileType = wrapper.application; includeInIndex = 0; path = "device-print.app"; sourceTree = BUILT_PRODUCTS_DIR; };
		DDAF121D2BDFA9D10098D2CA /* AppDelegate.swift */ = {isa = PBXFileReference; lastKnownFileType = sourcecode.swift; path = AppDelegate.swift; sourceTree = "<group>"; };
		DDAF121F2BDFA9D10098D2CA /* SceneDelegate.swift */ = {isa = PBXFileReference; lastKnownFileType = sourcecode.swift; path = SceneDelegate.swift; sourceTree = "<group>"; };
		DDAF12212BDFA9D10098D2CA /* ViewController.swift */ = {isa = PBXFileReference; lastKnownFileType = sourcecode.swift; path = ViewController.swift; sourceTree = "<group>"; };
		DDAF12242BDFA9D10098D2CA /* Base */ = {isa = PBXFileReference; lastKnownFileType = file.storyboard; name = Base; path = Base.lproj/Main.storyboard; sourceTree = "<group>"; };
		DDAF12262BDFA9D20098D2CA /* Assets.xcassets */ = {isa = PBXFileReference; lastKnownFileType = folder.assetcatalog; path = Assets.xcassets; sourceTree = "<group>"; };
		DDAF12292BDFA9D20098D2CA /* Base */ = {isa = PBXFileReference; lastKnownFileType = file.storyboard; name = Base; path = Base.lproj/LaunchScreen.storyboard; sourceTree = "<group>"; };
		DDAF122B2BDFA9D20098D2CA /* Info.plist */ = {isa = PBXFileReference; lastKnownFileType = text.plist.xml; path = Info.plist; sourceTree = "<group>"; };
		DDAF12342BDFCCDE0098D2CA /* GetVisitsResponse.swift */ = {isa = PBXFileReference; lastKnownFileType = sourcecode.swift; path = GetVisitsResponse.swift; sourceTree = "<group>"; };
/* End PBXFileReference section */

/* Begin PBXFrameworksBuildPhase section */
		DDAF12172BDFA9D10098D2CA /* Frameworks */ = {
			isa = PBXFrameworksBuildPhase;
			buildActionMask = 2147483647;
			files = (
				DDAF12332BDFB9BA0098D2CA /* FingerprintPro in Frameworks */,
			);
			runOnlyForDeploymentPostprocessing = 0;
		};
/* End PBXFrameworksBuildPhase section */

/* Begin PBXGroup section */
		DDAF12112BDFA9D10098D2CA = {
			isa = PBXGroup;
			children = (
				DDAF121C2BDFA9D10098D2CA /* device-print */,
				DDAF121B2BDFA9D10098D2CA /* Products */,
			);
			sourceTree = "<group>";
		};
		DDAF121B2BDFA9D10098D2CA /* Products */ = {
			isa = PBXGroup;
			children = (
				DDAF121A2BDFA9D10098D2CA /* device-print.app */,
			);
			name = Products;
			sourceTree = "<group>";
		};
		DDAF121C2BDFA9D10098D2CA /* device-print */ = {
			isa = PBXGroup;
			children = (
				DDAF121D2BDFA9D10098D2CA /* AppDelegate.swift */,
				DDAF121F2BDFA9D10098D2CA /* SceneDelegate.swift */,
				DDAF12212BDFA9D10098D2CA /* ViewController.swift */,
				DDAF12342BDFCCDE0098D2CA /* GetVisitsResponse.swift */,
				DDAF12232BDFA9D10098D2CA /* Main.storyboard */,
				DDAF12262BDFA9D20098D2CA /* Assets.xcassets */,
				DDAF12282BDFA9D20098D2CA /* LaunchScreen.storyboard */,
				DDAF122B2BDFA9D20098D2CA /* Info.plist */,
			);
			path = "device-print";
			sourceTree = "<group>";
		};
/* End PBXGroup section */

/* Begin PBXNativeTarget section */
		DDAF12192BDFA9D10098D2CA /* device-print */ = {
			isa = PBXNativeTarget;
			buildConfigurationList = DDAF122E2BDFA9D20098D2CA /* Build configuration list for PBXNativeTarget "device-print" */;
			buildPhases = (
				DDAF12162BDFA9D10098D2CA /* Sources */,
				DDAF12172BDFA9D10098D2CA /* Frameworks */,
				DDAF12182BDFA9D10098D2CA /* Resources */,
			);
			buildRules = (
			);
			dependencies = (
			);
			name = "device-print";
			packageProductDependencies = (
				DDAF12322BDFB9BA0098D2CA /* FingerprintPro */,
			);
			productName = "device-print";
			productReference = DDAF121A2BDFA9D10098D2CA /* device-print.app */;
			productType = "com.apple.product-type.application";
		};
/* End PBXNativeTarget section */

/* Begin PBXProject section */
		DDAF12122BDFA9D10098D2CA /* Project object */ = {
			isa = PBXProject;
			attributes = {
				BuildIndependentTargetsInParallel = 1;
				LastSwiftUpdateCheck = 1530;
				LastUpgradeCheck = 1530;
				TargetAttributes = {
					DDAF12192BDFA9D10098D2CA = {
						CreatedOnToolsVersion = 15.3;
					};
				};
			};
			buildConfigurationList = DDAF12152BDFA9D10098D2CA /* Build configuration list for PBXProject "device-print" */;
			compatibilityVersion = "Xcode 14.0";
			developmentRegion = en;
			hasScannedForEncodings = 0;
			knownRegions = (
				en,
				Base,
			);
			mainGroup = DDAF12112BDFA9D10098D2CA;
			packageReferences = (
				DDAF12312BDFB9BA0098D2CA /* XCRemoteSwiftPackageReference "fingerprintjs-pro-ios" */,
			);
			productRefGroup = DDAF121B2BDFA9D10098D2CA /* Products */;
			projectDirPath = "";
			projectRoot = "";
			targets = (
				DDAF12192BDFA9D10098D2CA /* device-print */,
			);
		};
/* End PBXProject section */

/* Begin PBXResourcesBuildPhase section */
		DDAF12182BDFA9D10098D2CA /* Resources */ = {
			isa = PBXResourcesBuildPhase;
			buildActionMask = 2147483647;
			files = (
				DDAF12272BDFA9D20098D2CA /* Assets.xcassets in Resources */,
				DDAF122A2BDFA9D20098D2CA /* Base in Resources */,
				DDAF12252BDFA9D10098D2CA /* Base in Resources */,
			);
			runOnlyForDeploymentPostprocessing = 0;
		};
/* End PBXResourcesBuildPhase section */

/* Begin PBXSourcesBuildPhase section */
		DDAF12162BDFA9D10098D2CA /* Sources */ = {
			isa = PBXSourcesBuildPhase;
			buildActionMask = 2147483647;
			files = (
				DDAF12222BDFA9D10098D2CA /* ViewController.swift in Sources */,
				DDAF121E2BDFA9D10098D2CA /* AppDelegate.swift in Sources */,
				DDAF12202BDFA9D10098D2CA /* SceneDelegate.swift in Sources */,
				DDAF12352BDFCCDE0098D2CA /* GetVisitsResponse.swift in Sources */,
			);
			runOnlyForDeploymentPostprocessing = 0;
		};
/* End PBXSourcesBuildPhase section */

/* Begin PBXVariantGroup section */
		DDAF12232BDFA9D10098D2CA /* Main.storyboard */ = {
			isa = PBXVariantGroup;
			children = (
				DDAF12242BDFA9D10098D2CA /* Base */,
			);
			name = Main.storyboard;
			sourceTree = "<group>";
		};
		DDAF12282BDFA9D20098D2CA /* LaunchScreen.storyboard */ = {
			isa = PBXVariantGroup;
			children = (
				DDAF12292BDFA9D20098D2CA /* Base */,
			);
			name = LaunchScreen.storyboard;
			sourceTree = "<group>";
		};
/* End PBXVariantGroup section */

/* Begin XCBuildConfiguration section */
		DDAF122C2BDFA9D20098D2CA /* Debug */ = {
			isa = XCBuildConfiguration;
			buildSettings = {
				ALWAYS_SEARCH_USER_PATHS = NO;
				ASSETCATALOG_COMPILER_GENERATE_SWIFT_ASSET_SYMBOL_EXTENSIONS = YES;
				CLANG_ANALYZER_NONNULL = YES;
				CLANG_ANALYZER_NUMBER_OBJECT_CONVERSION = YES_AGGRESSIVE;
				CLANG_CXX_LANGUAGE_STANDARD = "gnu++20";
				CLANG_ENABLE_MODULES = YES;
				CLANG_ENABLE_OBJC_ARC = YES;
				CLANG_ENABLE_OBJC_WEAK = YES;
				CLANG_WARN_BLOCK_CAPTURE_AUTORELEASING = YES;
				CLANG_WARN_BOOL_CONVERSION = YES;
				CLANG_WARN_COMMA = YES;
				CLANG_WARN_CONSTANT_CONVERSION = YES;
				CLANG_WARN_DEPRECATED_OBJC_IMPLEMENTATIONS = YES;
				CLANG_WARN_DIRECT_OBJC_ISA_USAGE = YES_ERROR;
				CLANG_WARN_DOCUMENTATION_COMMENTS = YES;
				CLANG_WARN_EMPTY_BODY = YES;
				CLANG_WARN_ENUM_CONVERSION = YES;
				CLANG_WARN_INFINITE_RECURSION = YES;
				CLANG_WARN_INT_CONVERSION = YES;
				CLANG_WARN_NON_LITERAL_NULL_CONVERSION = YES;
				CLANG_WARN_OBJC_IMPLICIT_RETAIN_SELF = YES;
				CLANG_WARN_OBJC_LITERAL_CONVERSION = YES;
				CLANG_WARN_OBJC_ROOT_CLASS = YES_ERROR;
				CLANG_WARN_QUOTED_INCLUDE_IN_FRAMEWORK_HEADER = YES;
				CLANG_WARN_RANGE_LOOP_ANALYSIS = YES;
				CLANG_WARN_STRICT_PROTOTYPES = YES;
				CLANG_WARN_SUSPICIOUS_MOVE = YES;
				CLANG_WARN_UNGUARDED_AVAILABILITY = YES_AGGRESSIVE;
				CLANG_WARN_UNREACHABLE_CODE = YES;
				CLANG_WARN__DUPLICATE_METHOD_MATCH = YES;
				COPY_PHASE_STRIP = NO;
				DEBUG_INFORMATION_FORMAT = dwarf;
				ENABLE_STRICT_OBJC_MSGSEND = YES;
				ENABLE_TESTABILITY = YES;
				ENABLE_USER_SCRIPT_SANDBOXING = YES;
				GCC_C_LANGUAGE_STANDARD = gnu17;
				GCC_DYNAMIC_NO_PIC = NO;
				GCC_NO_COMMON_BLOCKS = YES;
				GCC_OPTIMIZATION_LEVEL = 0;
				GCC_PREPROCESSOR_DEFINITIONS = (
					"DEBUG=1",
					"$(inherited)",
				);
				GCC_WARN_64_TO_32_BIT_CONVERSION = YES;
				GCC_WARN_ABOUT_RETURN_TYPE = YES_ERROR;
				GCC_WARN_UNDECLARED_SELECTOR = YES;
				GCC_WARN_UNINITIALIZED_AUTOS = YES_AGGRESSIVE;
				GCC_WARN_UNUSED_FUNCTION = YES;
				GCC_WARN_UNUSED_VARIABLE = YES;
				IPHONEOS_DEPLOYMENT_TARGET = 17.4;
				LOCALIZATION_PREFERS_STRING_CATALOGS = YES;
				MTL_ENABLE_DEBUG_INFO = INCLUDE_SOURCE;
				MTL_FAST_MATH = YES;
				ONLY_ACTIVE_ARCH = YES;
				SDKROOT = iphoneos;
				SWIFT_ACTIVE_COMPILATION_CONDITIONS = "DEBUG $(inherited)";
				SWIFT_OPTIMIZATION_LEVEL = "-Onone";
			};
			name = Debug;
		};
		DDAF122D2BDFA9D20098D2CA /* Release */ = {
			isa = XCBuildConfiguration;
			buildSettings = {
				ALWAYS_SEARCH_USER_PATHS = NO;
				ASSETCATALOG_COMPILER_GENERATE_SWIFT_ASSET_SYMBOL_EXTENSIONS = YES;
				CLANG_ANALYZER_NONNULL = YES;
				CLANG_ANALYZER_NUMBER_OBJECT_CONVERSION = YES_AGGRESSIVE;
				CLANG_CXX_LANGUAGE_STANDARD = "gnu++20";
				CLANG_ENABLE_MODULES = YES;
				CLANG_ENABLE_OBJC_ARC = YES;
				CLANG_ENABLE_OBJC_WEAK = YES;
				CLANG_WARN_BLOCK_CAPTURE_AUTORELEASING = YES;
				CLANG_WARN_BOOL_CONVERSION = YES;
				CLANG_WARN_COMMA = YES;
				CLANG_WARN_CONSTANT_CONVERSION = YES;
				CLANG_WARN_DEPRECATED_OBJC_IMPLEMENTATIONS = YES;
				CLANG_WARN_DIRECT_OBJC_ISA_USAGE = YES_ERROR;
				CLANG_WARN_DOCUMENTATION_COMMENTS = YES;
				CLANG_WARN_EMPTY_BODY = YES;
				CLANG_WARN_ENUM_CONVERSION = YES;
				CLANG_WARN_INFINITE_RECURSION = YES;
				CLANG_WARN_INT_CONVERSION = YES;
				CLANG_WARN_NON_LITERAL_NULL_CONVERSION = YES;
				CLANG_WARN_OBJC_IMPLICIT_RETAIN_SELF = YES;
				CLANG_WARN_OBJC_LITERAL_CONVERSION = YES;
				CLANG_WARN_OBJC_ROOT_CLASS = YES_ERROR;
				CLANG_WARN_QUOTED_INCLUDE_IN_FRAMEWORK_HEADER = YES;
				CLANG_WARN_RANGE_LOOP_ANALYSIS = YES;
				CLANG_WARN_STRICT_PROTOTYPES = YES;
				CLANG_WARN_SUSPICIOUS_MOVE = YES;
				CLANG_WARN_UNGUARDED_AVAILABILITY = YES_AGGRESSIVE;
				CLANG_WARN_UNREACHABLE_CODE = YES;
				CLANG_WARN__DUPLICATE_METHOD_MATCH = YES;
				COPY_PHASE_STRIP = NO;
				DEBUG_INFORMATION_FORMAT = "dwarf-with-dsym";
				ENABLE_NS_ASSERTIONS = NO;
				ENABLE_STRICT_OBJC_MSGSEND = YES;
				ENABLE_USER_SCRIPT_SANDBOXING = YES;
				GCC_C_LANGUAGE_STANDARD = gnu17;
				GCC_NO_COMMON_BLOCKS = YES;
				GCC_WARN_64_TO_32_BIT_CONVERSION = YES;
				GCC_WARN_ABOUT_RETURN_TYPE = YES_ERROR;
				GCC_WARN_UNDECLARED_SELECTOR = YES;
				GCC_WARN_UNINITIALIZED_AUTOS = YES_AGGRESSIVE;
				GCC_WARN_UNUSED_FUNCTION = YES;
				GCC_WARN_UNUSED_VARIABLE = YES;
				IPHONEOS_DEPLOYMENT_TARGET = 17.4;
				LOCALIZATION_PREFERS_STRING_CATALOGS = YES;
				MTL_ENABLE_DEBUG_INFO = NO;
				MTL_FAST_MATH = YES;
				SDKROOT = iphoneos;
				SWIFT_COMPILATION_MODE = wholemodule;
				VALIDATE_PRODUCT = YES;
			};
			name = Release;
		};
		DDAF122F2BDFA9D20098D2CA /* Debug */ = {
			isa = XCBuildConfiguration;
			buildSettings = {
				ASSETCATALOG_COMPILER_APPICON_NAME = AppIcon;
				ASSETCATALOG_COMPILER_GLOBAL_ACCENT_COLOR_NAME = AccentColor;
				CODE_SIGN_STYLE = Automatic;
				CURRENT_PROJECT_VERSION = 1;
				DEVELOPMENT_TEAM = C6SS755P33;
				GENERATE_INFOPLIST_FILE = YES;
				INFOPLIST_FILE = "device-print/Info.plist";
				INFOPLIST_KEY_UIApplicationSupportsIndirectInputEvents = YES;
				INFOPLIST_KEY_UILaunchStoryboardName = LaunchScreen;
				INFOPLIST_KEY_UIMainStoryboardFile = Main;
				INFOPLIST_KEY_UISupportedInterfaceOrientations_iPad = "UIInterfaceOrientationPortrait UIInterfaceOrientationPortraitUpsideDown UIInterfaceOrientationLandscapeLeft UIInterfaceOrientationLandscapeRight";
				INFOPLIST_KEY_UISupportedInterfaceOrientations_iPhone = "UIInterfaceOrientationPortrait UIInterfaceOrientationLandscapeLeft UIInterfaceOrientationLandscapeRight";
				LD_RUNPATH_SEARCH_PATHS = (
					"$(inherited)",
					"@executable_path/Frameworks",
				);
				MARKETING_VERSION = 1.0;
				PRODUCT_BUNDLE_IDENTIFIER = "me.kumarharsh.device-print";
				PRODUCT_NAME = "$(TARGET_NAME)";
				SWIFT_EMIT_LOC_STRINGS = YES;
				SWIFT_VERSION = 5.0;
				TARGETED_DEVICE_FAMILY = "1,2";
			};
			name = Debug;
		};
		DDAF12302BDFA9D20098D2CA /* Release */ = {
			isa = XCBuildConfiguration;
			buildSettings = {
				ASSETCATALOG_COMPILER_APPICON_NAME = AppIcon;
				ASSETCATALOG_COMPILER_GLOBAL_ACCENT_COLOR_NAME = AccentColor;
				CODE_SIGN_STYLE = Automatic;
				CURRENT_PROJECT_VERSION = 1;
				DEVELOPMENT_TEAM = C6SS755P33;
				GENERATE_INFOPLIST_FILE = YES;
				INFOPLIST_FILE = "device-print/Info.plist";
				INFOPLIST_KEY_UIApplicationSupportsIndirectInputEvents = YES;
				INFOPLIST_KEY_UILaunchStoryboardName = LaunchScreen;
				INFOPLIST_KEY_UIMainStoryboardFile = Main;
				INFOPLIST_KEY_UISupportedInterfaceOrientations_iPad = "UIInterfaceOrientationPortrait UIInterfaceOrientationPortraitUpsideDown UIInterfaceOrientationLandscapeLeft UIInterfaceOrientationLandscapeRight";
				INFOPLIST_KEY_UISupportedInterfaceOrientations_iPhone = "UIInterfaceOrientationPortrait UIInterfaceOrientationLandscapeLeft UIInterfaceOrientationLandscapeRight";
				LD_RUNPATH_SEARCH_PATHS = (
					"$(inherited)",
					"@executable_path/Frameworks",
				);
				MARKETING_VERSION = 1.0;
				PRODUCT_BUNDLE_IDENTIFIER = "me.kumarharsh.device-print";
				PRODUCT_NAME = "$(TARGET_NAME)";
				SWIFT_EMIT_LOC_STRINGS = YES;
				SWIFT_VERSION = 5.0;
				TARGETED_DEVICE_FAMILY = "1,2";
			};
			name = Release;
		};
/* End XCBuildConfiguration section */

/* Begin XCConfigurationList section */
		DDAF12152BDFA9D10098D2CA /* Build configuration list for PBXProject "device-print" */ = {
			isa = XCConfigurationList;
			buildConfigurations = (
				DDAF122C2BDFA9D20098D2CA /* Debug */,
				DDAF122D2BDFA9D20098D2CA /* Release */,
			);
			defaultConfigurationIsVisible = 0;
			defaultConfigurationName = Release;
		};
		DDAF122E2BDFA9D20098D2CA /* Build configuration list for PBXNativeTarget "device-print" */ = {
			isa = XCConfigurationList;
			buildConfigurations = (
				DDAF122F2BDFA9D20098D2CA /* Debug */,
				DDAF12302BDFA9D20098D2CA /* Release */,
			);
			defaultConfigurationIsVisible = 0;
			defaultConfigurationName = Release;
		};
/* End XCConfigurationList section */

/* Begin XCRemoteSwiftPackageReference section */
		DDAF12312BDFB9BA0098D2CA /* XCRemoteSwiftPackageReference "fingerprintjs-pro-ios" */ = {
			isa = XCRemoteSwiftPackageReference;
			repositoryURL = "https://github.com/fingerprintjs/fingerprintjs-pro-ios";
			requirement = {
				kind = upToNextMajorVersion;
				minimumVersion = 2.4.0;
			};
		};
/* End XCRemoteSwiftPackageReference section */

/* Begin XCSwiftPackageProductDependency section */
		DDAF12322BDFB9BA0098D2CA /* FingerprintPro */ = {
			isa = XCSwiftPackageProductDependency;
			package = DDAF12312BDFB9BA0098D2CA /* XCRemoteSwiftPackageReference "fingerprintjs-pro-ios" */;
			productName = FingerprintPro;
		};
/* End XCSwiftPackageProductDependency section */
	};
	rootObject = DDAF12122BDFA9D10098D2CA /* Project object */;
}
